<?xml version="1.0" encoding="utf-8"?>
<Project ToolsVersion="4.0" xmlns="http://schemas.microsoft.com/developer/msbuild/2003">
  <ItemGroup>
    <Filter Include="Scripts">
      <UniqueIdentifier>{32cf98c2-c2b4-4e1e-8884-f73d6b4986a7}</UniqueIdentifier>
    </Filter>
    <Filter Include="Util">
      <UniqueIdentifier>{e2eef7e9-3ee1-4ab3-b4be-2b05d60f5a4c}</UniqueIdentifier>
    </Filter>
    <Filter Include="Util\Generated">
      <UniqueIdentifier>{3e3855b5-ec0e-44a5-a8d2-3a824e9ab6f1}</UniqueIdentifier>
    </Filter>
  </ItemGroup>
  <ItemGroup>
    <ClInclude Include="PlayerController.h">
      <Filter>Scripts</Filter>
    </ClInclude>
    <ClInclude Include="scripting_framework.h">
      <Filter>Util</Filter>
    </ClInclude>
    <ClInclude Include="scripting_pch.h">
      <Filter>Util</Filter>
    </ClInclude>
    <ClInclude Include="ScriptFactory.h">
      <Filter>Util\Generated</Filter>
    </ClInclude>
    <ClInclude Include="LevelManager.h">
      <Filter>Scripts</Filter>
    </ClInclude>
    <ClInclude Include="WinConditionManager.h">
      <Filter>Scripts</Filter>
    </ClInclude>
    <ClInclude Include="resource.h" />
  </ItemGroup>
  <ItemGroup>
    <ClCompile Include="PlayerController.cpp">
      <Filter>Scripts</Filter>
    </ClCompile>
    <ClCompile Include="scripting_pch.cpp">
      <Filter>Util</Filter>
    </ClCompile>
    <ClCompile Include="ScriptFactory.cpp">
      <Filter>Util\Generated</Filter>
    </ClCompile>
    <ClCompile Include="LevelManager.cpp">
      <Filter>Scripts</Filter>
    </ClCompile>
    <ClCompile Include="WinConditionManager.cpp">
      <Filter>Scripts</Filter>
    </ClCompile>
    <ClCompile Include="GeneratedSerialization.cpp">
      <Filter>Util\Generated</Filter>
    </ClCompile>
  </ItemGroup>
  <ItemGroup>
    <ResourceCompile Include="scripting_layer.rc" />
  </ItemGroup>
</Project>